// !$*UTF8*$!
{
	archiveVersion = 1;
	classes = {
	};
	objectVersion = 50;
	objects = {

/* Begin PBXBuildFile section */
		2B311322387C6220B68905F6 /* Pods_calculatorAppUITests.framework in Frameworks */ = {isa = PBXBuildFile; fileRef = 84218F20E4A99D8605937EA1 /* Pods_calculatorAppUITests.framework */; };
		3242234E7DF9116A011D02B8 /* Pods_calculatorAppTests.framework in Frameworks */ = {isa = PBXBuildFile; fileRef = B0FA855B48D851FE7351212B /* Pods_calculatorAppTests.framework */; };
		860C5D1B20E46AE80050C626 /* AppDelegate.swift in Sources */ = {isa = PBXBuildFile; fileRef = 860C5D1A20E46AE80050C626 /* AppDelegate.swift */; };
		860C5D1D20E46AE80050C626 /* ViewController.swift in Sources */ = {isa = PBXBuildFile; fileRef = 860C5D1C20E46AE80050C626 /* ViewController.swift */; };
		860C5D2020E46AE80050C626 /* Main.storyboard in Resources */ = {isa = PBXBuildFile; fileRef = 860C5D1E20E46AE80050C626 /* Main.storyboard */; };
		860C5D2220E46AEE0050C626 /* Assets.xcassets in Resources */ = {isa = PBXBuildFile; fileRef = 860C5D2120E46AEE0050C626 /* Assets.xcassets */; };
		860C5D2520E46AEE0050C626 /* LaunchScreen.storyboard in Resources */ = {isa = PBXBuildFile; fileRef = 860C5D2320E46AEE0050C626 /* LaunchScreen.storyboard */; };
		860C5D3020E46AEE0050C626 /* calculatorAppTests.swift in Sources */ = {isa = PBXBuildFile; fileRef = 860C5D2F20E46AEE0050C626 /* calculatorAppTests.swift */; };
		860C5D3B20E46AEE0050C626 /* calculatorAppUITests.swift in Sources */ = {isa = PBXBuildFile; fileRef = 860C5D3A20E46AEE0050C626 /* calculatorAppUITests.swift */; };
		861CDA7220EC4724006B0707 /* mickey2.png in Resources */ = {isa = PBXBuildFile; fileRef = 861CDA6E20EC4723006B0707 /* mickey2.png */; };
		861CDA7320EC4724006B0707 /* mickey1.png in Resources */ = {isa = PBXBuildFile; fileRef = 861CDA6F20EC4723006B0707 /* mickey1.png */; };
		861CDA7520EC4724006B0707 /* hand1.png in Resources */ = {isa = PBXBuildFile; fileRef = 861CDA7120EC4723006B0707 /* hand1.png */; };
		866A13AB2100380E00BB1F6D /* calculated.png in Resources */ = {isa = PBXBuildFile; fileRef = 866A13A92100380E00BB1F6D /* calculated.png */; };
		866A13AC2100380E00BB1F6D /* calculating.png in Resources */ = {isa = PBXBuildFile; fileRef = 866A13AA2100380E00BB1F6D /* calculating.png */; };
		866A13AE21003ED900BB1F6D /* background.png in Resources */ = {isa = PBXBuildFile; fileRef = 866A13AD21003ED900BB1F6D /* background.png */; };
		FD565FD8C73557782876FE24 /* Pods_calculatorApp.framework in Frameworks */ = {isa = PBXBuildFile; fileRef = 8630019A8C3188BF26149585 /* Pods_calculatorApp.framework */; };
/* End PBXBuildFile section */

/* Begin PBXContainerItemProxy section */
		860C5D2C20E46AEE0050C626 /* PBXContainerItemProxy */ = {
			isa = PBXContainerItemProxy;
			containerPortal = 860C5D0F20E46AE80050C626 /* Project object */;
			proxyType = 1;
			remoteGlobalIDString = 860C5D1620E46AE80050C626;
			remoteInfo = calculatorApp;
		};
		860C5D3720E46AEE0050C626 /* PBXContainerItemProxy */ = {
			isa = PBXContainerItemProxy;
			containerPortal = 860C5D0F20E46AE80050C626 /* Project object */;
			proxyType = 1;
			remoteGlobalIDString = 860C5D1620E46AE80050C626;
			remoteInfo = calculatorApp;
		};
/* End PBXContainerItemProxy section */

/* Begin PBXFileReference section */
		08CC2C820FAF2FDCF39129BA /* Pods-calculatorAppUITests.debug.xcconfig */ = {isa = PBXFileReference; includeInIndex = 1; lastKnownFileType = text.xcconfig; name = "Pods-calculatorAppUITests.debug.xcconfig"; path = "Pods/Target Support Files/Pods-calculatorAppUITests/Pods-calculatorAppUITests.debug.xcconfig"; sourceTree = "<group>"; };
		0AA538C7C28EED98BB5335C8 /* Pods-calculatorApp.release.xcconfig */ = {isa = PBXFileReference; includeInIndex = 1; lastKnownFileType = text.xcconfig; name = "Pods-calculatorApp.release.xcconfig"; path = "Pods/Target Support Files/Pods-calculatorApp/Pods-calculatorApp.release.xcconfig"; sourceTree = "<group>"; };
		84218F20E4A99D8605937EA1 /* Pods_calculatorAppUITests.framework */ = {isa = PBXFileReference; explicitFileType = wrapper.framework; includeInIndex = 0; path = Pods_calculatorAppUITests.framework; sourceTree = BUILT_PRODUCTS_DIR; };
		860C5D1720E46AE80050C626 /* calculatorApp.app */ = {isa = PBXFileReference; explicitFileType = wrapper.application; includeInIndex = 0; path = calculatorApp.app; sourceTree = BUILT_PRODUCTS_DIR; };
		860C5D1A20E46AE80050C626 /* AppDelegate.swift */ = {isa = PBXFileReference; lastKnownFileType = sourcecode.swift; path = AppDelegate.swift; sourceTree = "<group>"; };
		860C5D1C20E46AE80050C626 /* ViewController.swift */ = {isa = PBXFileReference; lastKnownFileType = sourcecode.swift; path = ViewController.swift; sourceTree = "<group>"; };
		860C5D1F20E46AE80050C626 /* Base */ = {isa = PBXFileReference; lastKnownFileType = file.storyboard; name = Base; path = Base.lproj/Main.storyboard; sourceTree = "<group>"; };
		860C5D2120E46AEE0050C626 /* Assets.xcassets */ = {isa = PBXFileReference; lastKnownFileType = folder.assetcatalog; path = Assets.xcassets; sourceTree = "<group>"; };
		860C5D2420E46AEE0050C626 /* Base */ = {isa = PBXFileReference; lastKnownFileType = file.storyboard; name = Base; path = Base.lproj/LaunchScreen.storyboard; sourceTree = "<group>"; };
		860C5D2620E46AEE0050C626 /* Info.plist */ = {isa = PBXFileReference; lastKnownFileType = text.plist.xml; path = Info.plist; sourceTree = "<group>"; };
		860C5D2B20E46AEE0050C626 /* calculatorAppTests.xctest */ = {isa = PBXFileReference; explicitFileType = wrapper.cfbundle; includeInIndex = 0; path = calculatorAppTests.xctest; sourceTree = BUILT_PRODUCTS_DIR; };
		860C5D2F20E46AEE0050C626 /* calculatorAppTests.swift */ = {isa = PBXFileReference; lastKnownFileType = sourcecode.swift; path = calculatorAppTests.swift; sourceTree = "<group>"; };
		860C5D3120E46AEE0050C626 /* Info.plist */ = {isa = PBXFileReference; lastKnownFileType = text.plist.xml; path = Info.plist; sourceTree = "<group>"; };
		860C5D3620E46AEE0050C626 /* calculatorAppUITests.xctest */ = {isa = PBXFileReference; explicitFileType = wrapper.cfbundle; includeInIndex = 0; path = calculatorAppUITests.xctest; sourceTree = BUILT_PRODUCTS_DIR; };
		860C5D3A20E46AEE0050C626 /* calculatorAppUITests.swift */ = {isa = PBXFileReference; lastKnownFileType = sourcecode.swift; path = calculatorAppUITests.swift; sourceTree = "<group>"; };
		860C5D3C20E46AEE0050C626 /* Info.plist */ = {isa = PBXFileReference; lastKnownFileType = text.plist.xml; path = Info.plist; sourceTree = "<group>"; };
		861CDA6E20EC4723006B0707 /* mickey2.png */ = {isa = PBXFileReference; lastKnownFileType = image.png; path = mickey2.png; sourceTree = "<group>"; };
		861CDA6F20EC4723006B0707 /* mickey1.png */ = {isa = PBXFileReference; lastKnownFileType = image.png; path = mickey1.png; sourceTree = "<group>"; };
		861CDA7120EC4723006B0707 /* hand1.png */ = {isa = PBXFileReference; lastKnownFileType = image.png; path = hand1.png; sourceTree = "<group>"; };
		8630019A8C3188BF26149585 /* Pods_calculatorApp.framework */ = {isa = PBXFileReference; explicitFileType = wrapper.framework; includeInIndex = 0; path = Pods_calculatorApp.framework; sourceTree = BUILT_PRODUCTS_DIR; };
		866A13A92100380E00BB1F6D /* calculated.png */ = {isa = PBXFileReference; lastKnownFileType = image.png; path = calculated.png; sourceTree = "<group>"; };
		866A13AA2100380E00BB1F6D /* calculating.png */ = {isa = PBXFileReference; lastKnownFileType = image.png; path = calculating.png; sourceTree = "<group>"; };
		866A13AD21003ED900BB1F6D /* background.png */ = {isa = PBXFileReference; lastKnownFileType = image.png; path = background.png; sourceTree = "<group>"; };
		99874FE3FEC2B0C2A5BD371E /* Pods-calculatorAppTests.release.xcconfig */ = {isa = PBXFileReference; includeInIndex = 1; lastKnownFileType = text.xcconfig; name = "Pods-calculatorAppTests.release.xcconfig"; path = "Pods/Target Support Files/Pods-calculatorAppTests/Pods-calculatorAppTests.release.xcconfig"; sourceTree = "<group>"; };
		A4E247A1B31F1ED708CD299C /* Pods-calculatorApp.debug.xcconfig */ = {isa = PBXFileReference; includeInIndex = 1; lastKnownFileType = text.xcconfig; name = "Pods-calculatorApp.debug.xcconfig"; path = "Pods/Target Support Files/Pods-calculatorApp/Pods-calculatorApp.debug.xcconfig"; sourceTree = "<group>"; };
		B0FA855B48D851FE7351212B /* Pods_calculatorAppTests.framework */ = {isa = PBXFileReference; explicitFileType = wrapper.framework; includeInIndex = 0; path = Pods_calculatorAppTests.framework; sourceTree = BUILT_PRODUCTS_DIR; };
		C13EA59DE5E6BEF14C060EA2 /* Pods-calculatorAppUITests.release.xcconfig */ = {isa = PBXFileReference; includeInIndex = 1; lastKnownFileType = text.xcconfig; name = "Pods-calculatorAppUITests.release.xcconfig"; path = "Pods/Target Support Files/Pods-calculatorAppUITests/Pods-calculatorAppUITests.release.xcconfig"; sourceTree = "<group>"; };
		D6860DE95C5DDE5F64FF06EA /* Pods-calculatorAppTests.debug.xcconfig */ = {isa = PBXFileReference; includeInIndex = 1; lastKnownFileType = text.xcconfig; name = "Pods-calculatorAppTests.debug.xcconfig"; path = "Pods/Target Support Files/Pods-calculatorAppTests/Pods-calculatorAppTests.debug.xcconfig"; sourceTree = "<group>"; };
/* End PBXFileReference section */

/* Begin PBXFrameworksBuildPhase section */
		860C5D1420E46AE80050C626 /* Frameworks */ = {
			isa = PBXFrameworksBuildPhase;
			buildActionMask = 2147483647;
			files = (
				FD565FD8C73557782876FE24 /* Pods_calculatorApp.framework in Frameworks */,
			);
			runOnlyForDeploymentPostprocessing = 0;
		};
		860C5D2820E46AEE0050C626 /* Frameworks */ = {
			isa = PBXFrameworksBuildPhase;
			buildActionMask = 2147483647;
			files = (
				3242234E7DF9116A011D02B8 /* Pods_calculatorAppTests.framework in Frameworks */,
			);
			runOnlyForDeploymentPostprocessing = 0;
		};
		860C5D3320E46AEE0050C626 /* Frameworks */ = {
			isa = PBXFrameworksBuildPhase;
			buildActionMask = 2147483647;
			files = (
				2B311322387C6220B68905F6 /* Pods_calculatorAppUITests.framework in Frameworks */,
			);
			runOnlyForDeploymentPostprocessing = 0;
		};
/* End PBXFrameworksBuildPhase section */

/* Begin PBXGroup section */
		6B95ECF02CD802255E004A74 /* Frameworks */ = {
			isa = PBXGroup;
			children = (
				8630019A8C3188BF26149585 /* Pods_calculatorApp.framework */,
				B0FA855B48D851FE7351212B /* Pods_calculatorAppTests.framework */,
				84218F20E4A99D8605937EA1 /* Pods_calculatorAppUITests.framework */,
			);
			name = Frameworks;
			sourceTree = "<group>";
		};
		7C2AF5EF3B9C4A8E6B651157 /* Pods */ = {
			isa = PBXGroup;
			children = (
				A4E247A1B31F1ED708CD299C /* Pods-calculatorApp.debug.xcconfig */,
				0AA538C7C28EED98BB5335C8 /* Pods-calculatorApp.release.xcconfig */,
				D6860DE95C5DDE5F64FF06EA /* Pods-calculatorAppTests.debug.xcconfig */,
				99874FE3FEC2B0C2A5BD371E /* Pods-calculatorAppTests.release.xcconfig */,
				08CC2C820FAF2FDCF39129BA /* Pods-calculatorAppUITests.debug.xcconfig */,
				C13EA59DE5E6BEF14C060EA2 /* Pods-calculatorAppUITests.release.xcconfig */,
			);
			name = Pods;
			sourceTree = "<group>";
		};
		860C5D0E20E46AE80050C626 = {
			isa = PBXGroup;
			children = (
				860C5D1920E46AE80050C626 /* calculatorApp */,
				860C5D2E20E46AEE0050C626 /* calculatorAppTests */,
				860C5D3920E46AEE0050C626 /* calculatorAppUITests */,
				860C5D1820E46AE80050C626 /* Products */,
				861CDA6D20EC4723006B0707 /* picture */,
				7C2AF5EF3B9C4A8E6B651157 /* Pods */,
				6B95ECF02CD802255E004A74 /* Frameworks */,
			);
			sourceTree = "<group>";
		};
		860C5D1820E46AE80050C626 /* Products */ = {
			isa = PBXGroup;
			children = (
				860C5D1720E46AE80050C626 /* calculatorApp.app */,
				860C5D2B20E46AEE0050C626 /* calculatorAppTests.xctest */,
				860C5D3620E46AEE0050C626 /* calculatorAppUITests.xctest */,
			);
			name = Products;
			sourceTree = "<group>";
		};
		860C5D1920E46AE80050C626 /* calculatorApp */ = {
			isa = PBXGroup;
			children = (
				860C5D1A20E46AE80050C626 /* AppDelegate.swift */,
				860C5D1C20E46AE80050C626 /* ViewController.swift */,
				860C5D1E20E46AE80050C626 /* Main.storyboard */,
				860C5D2120E46AEE0050C626 /* Assets.xcassets */,
				860C5D2320E46AEE0050C626 /* LaunchScreen.storyboard */,
				860C5D2620E46AEE0050C626 /* Info.plist */,
			);
			path = calculatorApp;
			sourceTree = "<group>";
		};
		860C5D2E20E46AEE0050C626 /* calculatorAppTests */ = {
			isa = PBXGroup;
			children = (
				860C5D2F20E46AEE0050C626 /* calculatorAppTests.swift */,
				860C5D3120E46AEE0050C626 /* Info.plist */,
			);
			path = calculatorAppTests;
			sourceTree = "<group>";
		};
		860C5D3920E46AEE0050C626 /* calculatorAppUITests */ = {
			isa = PBXGroup;
			children = (
				860C5D3A20E46AEE0050C626 /* calculatorAppUITests.swift */,
				860C5D3C20E46AEE0050C626 /* Info.plist */,
			);
			path = calculatorAppUITests;
			sourceTree = "<group>";
		};
		861CDA6D20EC4723006B0707 /* picture */ = {
			isa = PBXGroup;
			children = (
				866A13AD21003ED900BB1F6D /* background.png */,
				866A13A92100380E00BB1F6D /* calculated.png */,
				866A13AA2100380E00BB1F6D /* calculating.png */,
				861CDA6E20EC4723006B0707 /* mickey2.png */,
				861CDA6F20EC4723006B0707 /* mickey1.png */,
				861CDA7120EC4723006B0707 /* hand1.png */,
			);
			path = picture;
			sourceTree = "<group>";
		};
/* End PBXGroup section */

/* Begin PBXNativeTarget section */
		860C5D1620E46AE80050C626 /* calculatorApp */ = {
			isa = PBXNativeTarget;
			buildConfigurationList = 860C5D3F20E46AEE0050C626 /* Build configuration list for PBXNativeTarget "calculatorApp" */;
			buildPhases = (
				D2E8190E1A501F83DDF0278B /* [CP] Check Pods Manifest.lock */,
				860C5D1320E46AE80050C626 /* Sources */,
				860C5D1420E46AE80050C626 /* Frameworks */,
				860C5D1520E46AE80050C626 /* Resources */,
				9FA7082C6104DB5F432E2994 /* [CP] Embed Pods Frameworks */,
			);
			buildRules = (
			);
			dependencies = (
			);
			name = calculatorApp;
			productName = calculatorApp;
			productReference = 860C5D1720E46AE80050C626 /* calculatorApp.app */;
			productType = "com.apple.product-type.application";
		};
		860C5D2A20E46AEE0050C626 /* calculatorAppTests */ = {
			isa = PBXNativeTarget;
			buildConfigurationList = 860C5D4220E46AEE0050C626 /* Build configuration list for PBXNativeTarget "calculatorAppTests" */;
			buildPhases = (
				6003CC1ADB8F6DF02F85EDB9 /* [CP] Check Pods Manifest.lock */,
				860C5D2720E46AEE0050C626 /* Sources */,
				860C5D2820E46AEE0050C626 /* Frameworks */,
				860C5D2920E46AEE0050C626 /* Resources */,
			);
			buildRules = (
			);
			dependencies = (
				860C5D2D20E46AEE0050C626 /* PBXTargetDependency */,
			);
			name = calculatorAppTests;
			productName = calculatorAppTests;
			productReference = 860C5D2B20E46AEE0050C626 /* calculatorAppTests.xctest */;
			productType = "com.apple.product-type.bundle.unit-test";
		};
		860C5D3520E46AEE0050C626 /* calculatorAppUITests */ = {
			isa = PBXNativeTarget;
			buildConfigurationList = 860C5D4520E46AEE0050C626 /* Build configuration list for PBXNativeTarget "calculatorAppUITests" */;
			buildPhases = (
				4750CBF9824BF822C9B7CBA4 /* [CP] Check Pods Manifest.lock */,
				860C5D3220E46AEE0050C626 /* Sources */,
				860C5D3320E46AEE0050C626 /* Frameworks */,
				860C5D3420E46AEE0050C626 /* Resources */,
			);
			buildRules = (
			);
			dependencies = (
				860C5D3820E46AEE0050C626 /* PBXTargetDependency */,
			);
			name = calculatorAppUITests;
			productName = calculatorAppUITests;
			productReference = 860C5D3620E46AEE0050C626 /* calculatorAppUITests.xctest */;
			productType = "com.apple.product-type.bundle.ui-testing";
		};
/* End PBXNativeTarget section */

/* Begin PBXProject section */
		860C5D0F20E46AE80050C626 /* Project object */ = {
			isa = PBXProject;
			attributes = {
				LastSwiftUpdateCheck = 0940;
				LastUpgradeCheck = 0940;
				ORGANIZATIONNAME = "iwanaga sari";
				TargetAttributes = {
					860C5D1620E46AE80050C626 = {
						CreatedOnToolsVersion = 9.4;
					};
					860C5D2A20E46AEE0050C626 = {
						CreatedOnToolsVersion = 9.4;
						TestTargetID = 860C5D1620E46AE80050C626;
					};
					860C5D3520E46AEE0050C626 = {
						CreatedOnToolsVersion = 9.4;
						TestTargetID = 860C5D1620E46AE80050C626;
					};
				};
			};
			buildConfigurationList = 860C5D1220E46AE80050C626 /* Build configuration list for PBXProject "calculatorApp" */;
			compatibilityVersion = "Xcode 9.3";
			developmentRegion = en;
			hasScannedForEncodings = 0;
			knownRegions = (
				en,
				Base,
			);
			mainGroup = 860C5D0E20E46AE80050C626;
			productRefGroup = 860C5D1820E46AE80050C626 /* Products */;
			projectDirPath = "";
			projectRoot = "";
			targets = (
				860C5D1620E46AE80050C626 /* calculatorApp */,
				860C5D2A20E46AEE0050C626 /* calculatorAppTests */,
				860C5D3520E46AEE0050C626 /* calculatorAppUITests */,
			);
		};
/* End PBXProject section */

/* Begin PBXResourcesBuildPhase section */
		860C5D1520E46AE80050C626 /* Resources */ = {
			isa = PBXResourcesBuildPhase;
			buildActionMask = 2147483647;
			files = (
				860C5D2520E46AEE0050C626 /* LaunchScreen.storyboard in Resources */,
				866A13AC2100380E00BB1F6D /* calculating.png in Resources */,
				860C5D2220E46AEE0050C626 /* Assets.xcassets in Resources */,
				866A13AB2100380E00BB1F6D /* calculated.png in Resources */,
				861CDA7220EC4724006B0707 /* mickey2.png in Resources */,
				861CDA7520EC4724006B0707 /* hand1.png in Resources */,
				861CDA7320EC4724006B0707 /* mickey1.png in Resources */,
				866A13AE21003ED900BB1F6D /* background.png in Resources */,
				860C5D2020E46AE80050C626 /* Main.storyboard in Resources */,
			);
			runOnlyForDeploymentPostprocessing = 0;
		};
		860C5D2920E46AEE0050C626 /* Resources */ = {
			isa = PBXResourcesBuildPhase;
			buildActionMask = 2147483647;
			files = (
			);
			runOnlyForDeploymentPostprocessing = 0;
		};
		860C5D3420E46AEE0050C626 /* Resources */ = {
			isa = PBXResourcesBuildPhase;
			buildActionMask = 2147483647;
			files = (
			);
			runOnlyForDeploymentPostprocessing = 0;
		};
/* End PBXResourcesBuildPhase section */

/* Begin PBXShellScriptBuildPhase section */
		4750CBF9824BF822C9B7CBA4 /* [CP] Check Pods Manifest.lock */ = {
			isa = PBXShellScriptBuildPhase;
			buildActionMask = 2147483647;
			files = (
			);
			inputPaths = (
				"${PODS_PODFILE_DIR_PATH}/Podfile.lock",
				"${PODS_ROOT}/Manifest.lock",
			);
			name = "[CP] Check Pods Manifest.lock";
			outputPaths = (
				"$(DERIVED_FILE_DIR)/Pods-calculatorAppUITests-checkManifestLockResult.txt",
			);
			runOnlyForDeploymentPostprocessing = 0;
			shellPath = /bin/sh;
			shellScript = "diff \"${PODS_PODFILE_DIR_PATH}/Podfile.lock\" \"${PODS_ROOT}/Manifest.lock\" > /dev/null\nif [ $? != 0 ] ; then\n    # print error to STDERR\n    echo \"error: The sandbox is not in sync with the Podfile.lock. Run 'pod install' or update your CocoaPods installation.\" >&2\n    exit 1\nfi\n# This output is used by Xcode 'outputs' to avoid re-running this script phase.\necho \"SUCCESS\" > \"${SCRIPT_OUTPUT_FILE_0}\"\n";
			showEnvVarsInLog = 0;
		};
		6003CC1ADB8F6DF02F85EDB9 /* [CP] Check Pods Manifest.lock */ = {
			isa = PBXShellScriptBuildPhase;
			buildActionMask = 2147483647;
			files = (
			);
			inputPaths = (
				"${PODS_PODFILE_DIR_PATH}/Podfile.lock",
				"${PODS_ROOT}/Manifest.lock",
			);
			name = "[CP] Check Pods Manifest.lock";
			outputPaths = (
				"$(DERIVED_FILE_DIR)/Pods-calculatorAppTests-checkManifestLockResult.txt",
			);
			runOnlyForDeploymentPostprocessing = 0;
			shellPath = /bin/sh;
			shellScript = "diff \"${PODS_PODFILE_DIR_PATH}/Podfile.lock\" \"${PODS_ROOT}/Manifest.lock\" > /dev/null\nif [ $? != 0 ] ; then\n    # print error to STDERR\n    echo \"error: The sandbox is not in sync with the Podfile.lock. Run 'pod install' or update your CocoaPods installation.\" >&2\n    exit 1\nfi\n# This output is used by Xcode 'outputs' to avoid re-running this script phase.\necho \"SUCCESS\" > \"${SCRIPT_OUTPUT_FILE_0}\"\n";
			showEnvVarsInLog = 0;
		};
		9FA7082C6104DB5F432E2994 /* [CP] Embed Pods Frameworks */ = {
			isa = PBXShellScriptBuildPhase;
			buildActionMask = 2147483647;
			files = (
			);
			inputPaths = (
				"${SRCROOT}/Pods/Target Support Files/Pods-calculatorApp/Pods-calculatorApp-frameworks.sh",
				"${BUILT_PRODUCTS_DIR}/Expression/Expression.framework",
			);
			name = "[CP] Embed Pods Frameworks";
			outputPaths = (
				"${TARGET_BUILD_DIR}/${FRAMEWORKS_FOLDER_PATH}/Expression.framework",
			);
			runOnlyForDeploymentPostprocessing = 0;
			shellPath = /bin/sh;
			shellScript = "\"${SRCROOT}/Pods/Target Support Files/Pods-calculatorApp/Pods-calculatorApp-frameworks.sh\"\n";
			showEnvVarsInLog = 0;
		};
		D2E8190E1A501F83DDF0278B /* [CP] Check Pods Manifest.lock */ = {
			isa = PBXShellScriptBuildPhase;
			buildActionMask = 2147483647;
			files = (
			);
			inputPaths = (
				"${PODS_PODFILE_DIR_PATH}/Podfile.lock",
				"${PODS_ROOT}/Manifest.lock",
			);
			name = "[CP] Check Pods Manifest.lock";
			outputPaths = (
				"$(DERIVED_FILE_DIR)/Pods-calculatorApp-checkManifestLockResult.txt",
			);
			runOnlyForDeploymentPostprocessing = 0;
			shellPath = /bin/sh;
			shellScript = "diff \"${PODS_PODFILE_DIR_PATH}/Podfile.lock\" \"${PODS_ROOT}/Manifest.lock\" > /dev/null\nif [ $? != 0 ] ; then\n    # print error to STDERR\n    echo \"error: The sandbox is not in sync with the Podfile.lock. Run 'pod install' or update your CocoaPods installation.\" >&2\n    exit 1\nfi\n# This output is used by Xcode 'outputs' to avoid re-running this script phase.\necho \"SUCCESS\" > \"${SCRIPT_OUTPUT_FILE_0}\"\n";
			showEnvVarsInLog = 0;
		};
/* End PBXShellScriptBuildPhase section */

/* Begin PBXSourcesBuildPhase section */
		860C5D1320E46AE80050C626 /* Sources */ = {
			isa = PBXSourcesBuildPhase;
			buildActionMask = 2147483647;
			files = (
				860C5D1D20E46AE80050C626 /* ViewController.swift in Sources */,
				860C5D1B20E46AE80050C626 /* AppDelegate.swift in Sources */,
			);
			runOnlyForDeploymentPostprocessing = 0;
		};
		860C5D2720E46AEE0050C626 /* Sources */ = {
			isa = PBXSourcesBuildPhase;
			buildActionMask = 2147483647;
			files = (
				860C5D3020E46AEE0050C626 /* calculatorAppTests.swift in Sources */,
			);
			runOnlyForDeploymentPostprocessing = 0;
		};
		860C5D3220E46AEE0050C626 /* Sources */ = {
			isa = PBXSourcesBuildPhase;
			buildActionMask = 2147483647;
			files = (
				860C5D3B20E46AEE0050C626 /* calculatorAppUITests.swift in Sources */,
			);
			runOnlyForDeploymentPostprocessing = 0;
		};
/* End PBXSourcesBuildPhase section */

/* Begin PBXTargetDependency section */
		860C5D2D20E46AEE0050C626 /* PBXTargetDependency */ = {
			isa = PBXTargetDependency;
			target = 860C5D1620E46AE80050C626 /* calculatorApp */;
			targetProxy = 860C5D2C20E46AEE0050C626 /* PBXContainerItemProxy */;
		};
		860C5D3820E46AEE0050C626 /* PBXTargetDependency */ = {
			isa = PBXTargetDependency;
			target = 860C5D1620E46AE80050C626 /* calculatorApp */;
			targetProxy = 860C5D3720E46AEE0050C626 /* PBXContainerItemProxy */;
		};
/* End PBXTargetDependency section */

/* Begin PBXVariantGroup section */
		860C5D1E20E46AE80050C626 /* Main.storyboard */ = {
			isa = PBXVariantGroup;
			children = (
				860C5D1F20E46AE80050C626 /* Base */,
			);
			name = Main.storyboard;
			sourceTree = "<group>";
		};
		860C5D2320E46AEE0050C626 /* LaunchScreen.storyboard */ = {
			isa = PBXVariantGroup;
			children = (
				860C5D2420E46AEE0050C626 /* Base */,
			);
			name = LaunchScreen.storyboard;
			sourceTree = "<group>";
		};
/* End PBXVariantGroup section */

/* Begin XCBuildConfiguration section */
		860C5D3D20E46AEE0050C626 /* Debug */ = {
			isa = XCBuildConfiguration;
			buildSettings = {
				ALWAYS_SEARCH_USER_PATHS = NO;
				CLANG_ANALYZER_NONNULL = YES;
				CLANG_ANALYZER_NUMBER_OBJECT_CONVERSION = YES_AGGRESSIVE;
				CLANG_CXX_LANGUAGE_STANDARD = "gnu++14";
				CLANG_CXX_LIBRARY = "libc++";
				CLANG_ENABLE_MODULES = YES;
				CLANG_ENABLE_OBJC_ARC = YES;
				CLANG_ENABLE_OBJC_WEAK = YES;
				CLANG_WARN_BLOCK_CAPTURE_AUTORELEASING = YES;
				CLANG_WARN_BOOL_CONVERSION = YES;
				CLANG_WARN_COMMA = YES;
				CLANG_WARN_CONSTANT_CONVERSION = YES;
				CLANG_WARN_DEPRECATED_OBJC_IMPLEMENTATIONS = YES;
				CLANG_WARN_DIRECT_OBJC_ISA_USAGE = YES_ERROR;
				CLANG_WARN_DOCUMENTATION_COMMENTS = YES;
				CLANG_WARN_EMPTY_BODY = YES;
				CLANG_WARN_ENUM_CONVERSION = YES;
				CLANG_WARN_INFINITE_RECURSION = YES;
				CLANG_WARN_INT_CONVERSION = YES;
				CLANG_WARN_NON_LITERAL_NULL_CONVERSION = YES;
				CLANG_WARN_OBJC_IMPLICIT_RETAIN_SELF = YES;
				CLANG_WARN_OBJC_LITERAL_CONVERSION = YES;
				CLANG_WARN_OBJC_ROOT_CLASS = YES_ERROR;
				CLANG_WARN_RANGE_LOOP_ANALYSIS = YES;
				CLANG_WARN_STRICT_PROTOTYPES = YES;
				CLANG_WARN_SUSPICIOUS_MOVE = YES;
				CLANG_WARN_UNGUARDED_AVAILABILITY = YES_AGGRESSIVE;
				CLANG_WARN_UNREACHABLE_CODE = YES;
				CLANG_WARN__DUPLICATE_METHOD_MATCH = YES;
				CODE_SIGN_IDENTITY = "iPhone Developer";
				COPY_PHASE_STRIP = NO;
				DEBUG_INFORMATION_FORMAT = dwarf;
				ENABLE_STRICT_OBJC_MSGSEND = YES;
				ENABLE_TESTABILITY = YES;
				GCC_C_LANGUAGE_STANDARD = gnu11;
				GCC_DYNAMIC_NO_PIC = NO;
				GCC_NO_COMMON_BLOCKS = YES;
				GCC_OPTIMIZATION_LEVEL = 0;
				GCC_PREPROCESSOR_DEFINITIONS = (
					"DEBUG=1",
					"$(inherited)",
				);
				GCC_WARN_64_TO_32_BIT_CONVERSION = YES;
				GCC_WARN_ABOUT_RETURN_TYPE = YES_ERROR;
				GCC_WARN_UNDECLARED_SELECTOR = YES;
				GCC_WARN_UNINITIALIZED_AUTOS = YES_AGGRESSIVE;
				GCC_WARN_UNUSED_FUNCTION = YES;
				GCC_WARN_UNUSED_VARIABLE = YES;
				IPHONEOS_DEPLOYMENT_TARGET = 11.4;
				MTL_ENABLE_DEBUG_INFO = YES;
				ONLY_ACTIVE_ARCH = YES;
				SDKROOT = iphoneos;
				SWIFT_ACTIVE_COMPILATION_CONDITIONS = DEBUG;
				SWIFT_OPTIMIZATION_LEVEL = "-Onone";
			};
			name = Debug;
		};
		860C5D3E20E46AEE0050C626 /* Release */ = {
			isa = XCBuildConfiguration;
			buildSettings = {
				ALWAYS_SEARCH_USER_PATHS = NO;
				CLANG_ANALYZER_NONNULL = YES;
				CLANG_ANALYZER_NUMBER_OBJECT_CONVERSION = YES_AGGRESSIVE;
				CLANG_CXX_LANGUAGE_STANDARD = "gnu++14";
				CLANG_CXX_LIBRARY = "libc++";
				CLANG_ENABLE_MODULES = YES;
				CLANG_ENABLE_OBJC_ARC = YES;
				CLANG_ENABLE_OBJC_WEAK = YES;
				CLANG_WARN_BLOCK_CAPTURE_AUTORELEASING = YES;
				CLANG_WARN_BOOL_CONVERSION = YES;
				CLANG_WARN_COMMA = YES;
				CLANG_WARN_CONSTANT_CONVERSION = YES;
				CLANG_WARN_DEPRECATED_OBJC_IMPLEMENTATIONS = YES;
				CLANG_WARN_DIRECT_OBJC_ISA_USAGE = YES_ERROR;
				CLANG_WARN_DOCUMENTATION_COMMENTS = YES;
				CLANG_WARN_EMPTY_BODY = YES;
				CLANG_WARN_ENUM_CONVERSION = YES;
				CLANG_WARN_INFINITE_RECURSION = YES;
				CLANG_WARN_INT_CONVERSION = YES;
				CLANG_WARN_NON_LITERAL_NULL_CONVERSION = YES;
				CLANG_WARN_OBJC_IMPLICIT_RETAIN_SELF = YES;
				CLANG_WARN_OBJC_LITERAL_CONVERSION = YES;
				CLANG_WARN_OBJC_ROOT_CLASS = YES_ERROR;
				CLANG_WARN_RANGE_LOOP_ANALYSIS = YES;
				CLANG_WARN_STRICT_PROTOTYPES = YES;
				CLANG_WARN_SUSPICIOUS_MOVE = YES;
				CLANG_WARN_UNGUARDED_AVAILABILITY = YES_AGGRESSIVE;
				CLANG_WARN_UNREACHABLE_CODE = YES;
				CLANG_WARN__DUPLICATE_METHOD_MATCH = YES;
				CODE_SIGN_IDENTITY = "iPhone Developer";
				COPY_PHASE_STRIP = NO;
				DEBUG_INFORMATION_FORMAT = "dwarf-with-dsym";
				ENABLE_NS_ASSERTIONS = NO;
				ENABLE_STRICT_OBJC_MSGSEND = YES;
				GCC_C_LANGUAGE_STANDARD = gnu11;
				GCC_NO_COMMON_BLOCKS = YES;
				GCC_WARN_64_TO_32_BIT_CONVERSION = YES;
				GCC_WARN_ABOUT_RETURN_TYPE = YES_ERROR;
				GCC_WARN_UNDECLARED_SELECTOR = YES;
				GCC_WARN_UNINITIALIZED_AUTOS = YES_AGGRESSIVE;
				GCC_WARN_UNUSED_FUNCTION = YES;
				GCC_WARN_UNUSED_VARIABLE = YES;
				IPHONEOS_DEPLOYMENT_TARGET = 11.4;
				MTL_ENABLE_DEBUG_INFO = NO;
				SDKROOT = iphoneos;
				SWIFT_COMPILATION_MODE = wholemodule;
				SWIFT_OPTIMIZATION_LEVEL = "-O";
				VALIDATE_PRODUCT = YES;
			};
			name = Release;
		};
		860C5D4020E46AEE0050C626 /* Debug */ = {
			isa = XCBuildConfiguration;
			baseConfigurationReference = A4E247A1B31F1ED708CD299C /* Pods-calculatorApp.debug.xcconfig */;
			buildSettings = {
				ASSETCATALOG_COMPILER_APPICON_NAME = AppIcon;
				CODE_SIGN_STYLE = Automatic;
				DEVELOPMENT_TEAM = H2538J2CT2;
				INFOPLIST_FILE = calculatorApp/Info.plist;
				LD_RUNPATH_SEARCH_PATHS = (
					"$(inherited)",
					"@executable_path/Frameworks",
				);
				PRODUCT_BUNDLE_IDENTIFIER = com.sari.calculatorApp;
				PRODUCT_NAME = "$(TARGET_NAME)";
				SWIFT_VERSION = 4.0;
				TARGETED_DEVICE_FAMILY = "1,2";
			};
			name = Debug;
		};
		860C5D4120E46AEE0050C626 /* Release */ = {
			isa = XCBuildConfiguration;
			baseConfigurationReference = 0AA538C7C28EED98BB5335C8 /* Pods-calculatorApp.release.xcconfig */;
			buildSettings = {
				ASSETCATALOG_COMPILER_APPICON_NAME = AppIcon;
				CODE_SIGN_STYLE = Automatic;
				DEVELOPMENT_TEAM = H2538J2CT2;
				INFOPLIST_FILE = calculatorApp/Info.plist;
				LD_RUNPATH_SEARCH_PATHS = (
					"$(inherited)",
					"@executable_path/Frameworks",
				);
				PRODUCT_BUNDLE_IDENTIFIER = com.sari.calculatorApp;
				PRODUCT_NAME = "$(TARGET_NAME)";
				SWIFT_VERSION = 4.0;
				TARGETED_DEVICE_FAMILY = "1,2";
			};
			name = Release;
		};
		860C5D4320E46AEE0050C626 /* Debug */ = {
			isa = XCBuildConfiguration;
			baseConfigurationReference = D6860DE95C5DDE5F64FF06EA /* Pods-calculatorAppTests.debug.xcconfig */;
			buildSettings = {
				ALWAYS_EMBED_SWIFT_STANDARD_LIBRARIES = YES;
				BUNDLE_LOADER = "$(TEST_HOST)";
				CODE_SIGN_STYLE = Automatic;
				DEVELOPMENT_TEAM = H2538J2CT2;
				INFOPLIST_FILE = calculatorAppTests/Info.plist;
				LD_RUNPATH_SEARCH_PATHS = (
					"$(inherited)",
					"@executable_path/Frameworks",
					"@loader_path/Frameworks",
				);
				PRODUCT_BUNDLE_IDENTIFIER = com.sari.calculatorAppTests;
				PRODUCT_NAME = "$(TARGET_NAME)";
				SWIFT_VERSION = 4.0;
				TARGETED_DEVICE_FAMILY = "1,2";
				TEST_HOST = "$(BUILT_PRODUCTS_DIR)/calculatorApp.app/calculatorApp";
			};
			name = Debug;
		};
		860C5D4420E46AEE0050C626 /* Release */ = {
			isa = XCBuildConfiguration;
			baseConfigurationReference = 99874FE3FEC2B0C2A5BD371E /* Pods-calculatorAppTests.release.xcconfig */;
			buildSettings = {
				ALWAYS_EMBED_SWIFT_STANDARD_LIBRARIES = YES;
				BUNDLE_LOADER = "$(TEST_HOST)";
				CODE_SIGN_STYLE = Automatic;
				DEVELOPMENT_TEAM = H2538J2CT2;
				INFOPLIST_FILE = calculatorAppTests/Info.plist;
				LD_RUNPATH_SEARCH_PATHS = (
					"$(inherited)",
					"@executable_path/Frameworks",
					"@loader_path/Frameworks",
				);
				PRODUCT_BUNDLE_IDENTIFIER = com.sari.calculatorAppTests;
				PRODUCT_NAME = "$(TARGET_NAME)";
				SWIFT_VERSION = 4.0;
				TARGETED_DEVICE_FAMILY = "1,2";
				TEST_HOST = "$(BUILT_PRODUCTS_DIR)/calculatorApp.app/calculatorApp";
			};
			name = Release;
		};
		860C5D4620E46AEE0050C626 /* Debug */ = {
			isa = XCBuildConfiguration;
			baseConfigurationReference = 08CC2C820FAF2FDCF39129BA /* Pods-calculatorAppUITests.debug.xcconfig */;
			buildSettings = {
				ALWAYS_EMBED_SWIFT_STANDARD_LIBRARIES = YES;
				CODE_SIGN_STYLE = Automatic;
				DEVELOPMENT_TEAM = H2538J2CT2;
				INFOPLIST_FILE = calculatorAppUITests/Info.plist;
				LD_RUNPATH_SEARCH_PATHS = (
					"$(inherited)",
					"@executable_path/Frameworks",
					"@loader_path/Frameworks",
				);
				PRODUCT_BUNDLE_IDENTIFIER = com.sari.calculatorAppUITests;
				PRODUCT_NAME = "$(TARGET_NAME)";
				SWIFT_VERSION = 4.0;
				TARGETED_DEVICE_FAMILY = "1,2";
				TEST_TARGET_NAME = calculatorApp;
			};
			name = Debug;
		};
		860C5D4720E46AEE0050C626 /* Release */ = {
			isa = XCBuildConfiguration;
			baseConfigurationReference = C13EA59DE5E6BEF14C060EA2 /* Pods-calculatorAppUITests.release.xcconfig */;
			buildSettings = {
				ALWAYS_EMBED_SWIFT_STANDARD_LIBRARIES = YES;
				CODE_SIGN_STYLE = Automatic;
				DEVELOPMENT_TEAM = H2538J2CT2;
				INFOPLIST_FILE = calculatorAppUITests/Info.plist;
				LD_RUNPATH_SEARCH_PATHS = (
					"$(inherited)",
					"@executable_path/Frameworks",
					"@loader_path/Frameworks",
				);
				PRODUCT_BUNDLE_IDENTIFIER = com.sari.calculatorAppUITests;
				PRODUCT_NAME = "$(TARGET_NAME)";
				SWIFT_VERSION = 4.0;
				TARGETED_DEVICE_FAMILY = "1,2";
				TEST_TARGET_NAME = calculatorApp;
			};
			name = Release;
		};
/* End XCBuildConfiguration section */

/* Begin XCConfigurationList section */
		860C5D1220E46AE80050C626 /* Build configuration list for PBXProject "calculatorApp" */ = {
			isa = XCConfigurationList;
			buildConfigurations = (
				860C5D3D20E46AEE0050C626 /* Debug */,
				860C5D3E20E46AEE0050C626 /* Release */,
			);
			defaultConfigurationIsVisible = 0;
			defaultConfigurationName = Release;
		};
		860C5D3F20E46AEE0050C626 /* Build configuration list for PBXNativeTarget "calculatorApp" */ = {
			isa = XCConfigurationList;
			buildConfigurations = (
				860C5D4020E46AEE0050C626 /* Debug */,
				860C5D4120E46AEE0050C626 /* Release */,
			);
			defaultConfigurationIsVisible = 0;
			defaultConfigurationName = Release;
		};
		860C5D4220E46AEE0050C626 /* Build configuration list for PBXNativeTarget "calculatorAppTests" */ = {
			isa = XCConfigurationList;
			buildConfigurations = (
				860C5D4320E46AEE0050C626 /* Debug */,
				860C5D4420E46AEE0050C626 /* Release */,
			);
			defaultConfigurationIsVisible = 0;
			defaultConfigurationName = Release;
		};
		860C5D4520E46AEE0050C626 /* Build configuration list for PBXNativeTarget "calculatorAppUITests" */ = {
			isa = XCConfigurationList;
			buildConfigurations = (
				860C5D4620E46AEE0050C626 /* Debug */,
				860C5D4720E46AEE0050C626 /* Release */,
			);
			defaultConfigurationIsVisible = 0;
			defaultConfigurationName = Release;
		};
/* End XCConfigurationList section */
	};
	rootObject = 860C5D0F20E46AE80050C626 /* Project object */;
}
